
Microsoft Visual Studio Solution File, Format Version 11.00
# Visual C# Express 2010
Project("{FAE04EC0-301F-11D3-BF4B-00C04F79EFBC}") = "FirstCSharpProgram", "FirstCSharpProgram\FirstCSharpProgram\FirstCSharpProgram.csproj", "{832214A2-7BE5-4FD3-A87B-4B8C2E3AA64C}"
EndProject
Project("{96E2B04D-8817-42C6-938A-82C39BA4D311}") = "FirstCSharpProgramContent", "FirstCSharpProgram\FirstCSharpProgramContent\FirstCSharpProgramContent.contentproj", "{860948D9-F1FA-4EFF-8919-A47E69D2F6B9}"
EndProject
Global
	GlobalSection(SolutionConfigurationPlatforms) = preSolution
		Debug|x86 = Debug|x86
		Release|x86 = Release|x86
	EndGlobalSection
	GlobalSection(ProjectConfigurationPlatforms) = postSolution
		{832214A2-7BE5-4FD3-A87B-4B8C2E3AA64C}.Debug|x86.ActiveCfg = Debug|x86
		{832214A2-7BE5-4FD3-A87B-4B8C2E3AA64C}.Debug|x86.Build.0 = Debug|x86
		{832214A2-7BE5-4FD3-A87B-4B8C2E3AA64C}.Release|x86.ActiveCfg = Release|x86
		{832214A2-7BE5-4FD3-A87B-4B8C2E3AA64C}.Release|x86.Build.0 = Release|x86
		{860948D9-F1FA-4EFF-8919-A47E69D2F6B9}.Debug|x86.ActiveCfg = Debug|x86
		{860948D9-F1FA-4EFF-8919-A47E69D2F6B9}.Release|x86.ActiveCfg = Release|x86
	EndGlobalSection
	GlobalSection(SolutionProperties) = preSolution
		HideSolutionNode = FALSE
	EndGlobalSection
EndGlobal
